<?xml version="1.0" encoding="utf-8"?>
<Project ToolsVersion="4.0" xmlns="http://schemas.microsoft.com/developer/msbuild/2003">
  <ItemGroup>
    <Filter Include="Main">
      <UniqueIdentifier>{93995380-89BD-4b04-88EB-625FBE52EBFB}</UniqueIdentifier>
      <Extensions>cpp;c;h;hpp</Extensions>
    </Filter>
    <Filter Include="Public">
      <UniqueIdentifier>{4FC737F1-C7A5-4376-A066-2A32D752A2FF}</UniqueIdentifier>
      <Extensions>cpp;c;h;hpp</Extensions>
    </Filter>
    <Filter Include="Iterator">
      <UniqueIdentifier>{0f22dbbe-9959-4cab-b12a-8bef850adf3c}</UniqueIdentifier>
    </Filter>
    <Filter Include="Xml">
      <UniqueIdentifier>{ad4bc3a8-61f5-414e-b0a4-4fd38b794209}</UniqueIdentifier>
    </Filter>
    <Filter Include="资源文件">
      <UniqueIdentifier>{04c7657e-312d-4f5d-987a-a9d208160606}</UniqueIdentifier>
    </Filter>
    <Filter Include="Mixture">
      <UniqueIdentifier>{3132ab45-bd98-4373-96c9-56ef479f11fe}</UniqueIdentifier>
    </Filter>
  </ItemGroup>
  <ItemGroup>
    <ClCompile Include="..\Codes\Main.cpp">
      <Filter>Main</Filter>
    </ClCompile>
    <ClCompile Include="..\Codes\Common.cpp">
      <Filter>Public</Filter>
    </ClCompile>
    <ClCompile Include="..\Codes\Debug.cpp">
      <Filter>Public</Filter>
    </ClCompile>
    <ClCompile Include="..\Codes\SystemError.cpp">
      <Filter>Public</Filter>
    </ClCompile>
    <ClCompile Include="..\Codes\MyLibXml2.cpp">
      <Filter>Xml</Filter>
    </ClCompile>
  </ItemGroup>
  <ItemGroup>
    <ClInclude Include="..\Codes\Main.h">
      <Filter>Main</Filter>
    </ClInclude>
    <ClInclude Include="..\Codes\Common.h">
      <Filter>Public</Filter>
    </ClInclude>
    <ClInclude Include="..\Codes\Debug.h">
      <Filter>Public</Filter>
    </ClInclude>
    <ClInclude Include="..\Codes\SystemError.h">
      <Filter>Public</Filter>
    </ClInclude>
    <ClInclude Include="..\Codes\SystemInclude.h">
      <Filter>Public</Filter>
    </ClInclude>
    <ClInclude Include="..\Codes\ContainerBase.h">
      <Filter>Iterator</Filter>
    </ClInclude>
    <ClInclude Include="..\Codes\List.h">
      <Filter>Iterator</Filter>
    </ClInclude>
    <ClInclude Include="..\Codes\TestItorator.h">
      <Filter>Iterator</Filter>
    </ClInclude>
    <ClInclude Include="..\Codes\MyLibXml2.h">
      <Filter>Xml</Filter>
    </ClInclude>
    <ClInclude Include="..\Codes\VariadicExpand.h">
      <Filter>Mixture</Filter>
    </ClInclude>
  </ItemGroup>
  <ItemGroup>
    <Text Include="..\ReadMe.txt" />
  </ItemGroup>
  <ItemGroup>
    <Xml Include="..\XmlFiles\AddressListXml.xml">
      <Filter>资源文件</Filter>
    </Xml>
    <Xml Include="..\XmlFiles\C++SdkIncludeDir.xml">
      <Filter>资源文件</Filter>
    </Xml>
  </ItemGroup>
</Project>